// !$*UTF8*$!
{
	archiveVersion = 1;
	classes = {
	};
	objectVersion = 46;
	objects = {

/* Begin PBXBuildFile section */
		1ED9802FDD43681657377389 /* libPods-45_Client_Server_APIs_T.a in Frameworks */ = {isa = PBXBuildFile; fileRef = 59E3253FD13C4EC1D615FCA3 /* libPods-45_Client_Server_APIs_T.a */; };
		5207AF031D04444A00255D16 /* main.m in Sources */ = {isa = PBXBuildFile; fileRef = 5207AF021D04444A00255D16 /* main.m */; };
		5207AF061D04444A00255D16 /* AppDelegate.m in Sources */ = {isa = PBXBuildFile; fileRef = 5207AF051D04444A00255D16 /* AppDelegate.m */; };
		5207AF091D04444A00255D16 /* ViewController.m in Sources */ = {isa = PBXBuildFile; fileRef = 5207AF081D04444A00255D16 /* ViewController.m */; };
		5207AF0C1D04444A00255D16 /* Main.storyboard in Resources */ = {isa = PBXBuildFile; fileRef = 5207AF0A1D04444A00255D16 /* Main.storyboard */; };
		5207AF0E1D04444A00255D16 /* Assets.xcassets in Resources */ = {isa = PBXBuildFile; fileRef = 5207AF0D1D04444A00255D16 /* Assets.xcassets */; };
		5207AF111D04444A00255D16 /* LaunchScreen.storyboard in Resources */ = {isa = PBXBuildFile; fileRef = 5207AF0F1D04444A00255D16 /* LaunchScreen.storyboard */; };
		5207AF1C1D04444A00255D16 /* _5_Client_Server_APIs_TTests.m in Sources */ = {isa = PBXBuildFile; fileRef = 5207AF1B1D04444A00255D16 /* _5_Client_Server_APIs_TTests.m */; };
		5207AF271D04444A00255D16 /* _5_Client_Server_APIs_TUITests.m in Sources */ = {isa = PBXBuildFile; fileRef = 5207AF261D04444A00255D16 /* _5_Client_Server_APIs_TUITests.m */; };
/* End PBXBuildFile section */

/* Begin PBXContainerItemProxy section */
		5207AF181D04444A00255D16 /* PBXContainerItemProxy */ = {
			isa = PBXContainerItemProxy;
			containerPortal = 5207AEF61D04444A00255D16 /* Project object */;
			proxyType = 1;
			remoteGlobalIDString = 5207AEFD1D04444A00255D16;
			remoteInfo = 45_Client_Server_APIs_T;
		};
		5207AF231D04444A00255D16 /* PBXContainerItemProxy */ = {
			isa = PBXContainerItemProxy;
			containerPortal = 5207AEF61D04444A00255D16 /* Project object */;
			proxyType = 1;
			remoteGlobalIDString = 5207AEFD1D04444A00255D16;
			remoteInfo = 45_Client_Server_APIs_T;
		};
/* End PBXContainerItemProxy section */

/* Begin PBXFileReference section */
		5207AEFE1D04444A00255D16 /* 45_Client_Server_APIs_T.app */ = {isa = PBXFileReference; explicitFileType = wrapper.application; includeInIndex = 0; path = 45_Client_Server_APIs_T.app; sourceTree = BUILT_PRODUCTS_DIR; };
		5207AF021D04444A00255D16 /* main.m */ = {isa = PBXFileReference; lastKnownFileType = sourcecode.c.objc; path = main.m; sourceTree = "<group>"; };
		5207AF041D04444A00255D16 /* AppDelegate.h */ = {isa = PBXFileReference; lastKnownFileType = sourcecode.c.h; path = AppDelegate.h; sourceTree = "<group>"; };
		5207AF051D04444A00255D16 /* AppDelegate.m */ = {isa = PBXFileReference; lastKnownFileType = sourcecode.c.objc; path = AppDelegate.m; sourceTree = "<group>"; };
		5207AF071D04444A00255D16 /* ViewController.h */ = {isa = PBXFileReference; lastKnownFileType = sourcecode.c.h; path = ViewController.h; sourceTree = "<group>"; };
		5207AF081D04444A00255D16 /* ViewController.m */ = {isa = PBXFileReference; lastKnownFileType = sourcecode.c.objc; path = ViewController.m; sourceTree = "<group>"; };
		5207AF0B1D04444A00255D16 /* Base */ = {isa = PBXFileReference; lastKnownFileType = file.storyboard; name = Base; path = Base.lproj/Main.storyboard; sourceTree = "<group>"; };
		5207AF0D1D04444A00255D16 /* Assets.xcassets */ = {isa = PBXFileReference; lastKnownFileType = folder.assetcatalog; path = Assets.xcassets; sourceTree = "<group>"; };
		5207AF101D04444A00255D16 /* Base */ = {isa = PBXFileReference; lastKnownFileType = file.storyboard; name = Base; path = Base.lproj/LaunchScreen.storyboard; sourceTree = "<group>"; };
		5207AF121D04444A00255D16 /* Info.plist */ = {isa = PBXFileReference; lastKnownFileType = text.plist.xml; path = Info.plist; sourceTree = "<group>"; };
		5207AF171D04444A00255D16 /* 45_Client_Server_APIs_TTests.xctest */ = {isa = PBXFileReference; explicitFileType = wrapper.cfbundle; includeInIndex = 0; path = 45_Client_Server_APIs_TTests.xctest; sourceTree = BUILT_PRODUCTS_DIR; };
		5207AF1B1D04444A00255D16 /* _5_Client_Server_APIs_TTests.m */ = {isa = PBXFileReference; lastKnownFileType = sourcecode.c.objc; path = _5_Client_Server_APIs_TTests.m; sourceTree = "<group>"; };
		5207AF1D1D04444A00255D16 /* Info.plist */ = {isa = PBXFileReference; lastKnownFileType = text.plist.xml; path = Info.plist; sourceTree = "<group>"; };
		5207AF221D04444A00255D16 /* 45_Client_Server_APIs_TUITests.xctest */ = {isa = PBXFileReference; explicitFileType = wrapper.cfbundle; includeInIndex = 0; path = 45_Client_Server_APIs_TUITests.xctest; sourceTree = BUILT_PRODUCTS_DIR; };
		5207AF261D04444A00255D16 /* _5_Client_Server_APIs_TUITests.m */ = {isa = PBXFileReference; lastKnownFileType = sourcecode.c.objc; path = _5_Client_Server_APIs_TUITests.m; sourceTree = "<group>"; };
		5207AF281D04444A00255D16 /* Info.plist */ = {isa = PBXFileReference; lastKnownFileType = text.plist.xml; path = Info.plist; sourceTree = "<group>"; };
		59E3253FD13C4EC1D615FCA3 /* libPods-45_Client_Server_APIs_T.a */ = {isa = PBXFileReference; explicitFileType = archive.ar; includeInIndex = 0; path = "libPods-45_Client_Server_APIs_T.a"; sourceTree = BUILT_PRODUCTS_DIR; };
		8113886C75423E283404DE2D /* Pods-45_Client_Server_APIs_T.debug.xcconfig */ = {isa = PBXFileReference; includeInIndex = 1; lastKnownFileType = text.xcconfig; name = "Pods-45_Client_Server_APIs_T.debug.xcconfig"; path = "Pods/Target Support Files/Pods-45_Client_Server_APIs_T/Pods-45_Client_Server_APIs_T.debug.xcconfig"; sourceTree = "<group>"; };
		F58FAC237A74BB068A63A576 /* Pods-45_Client_Server_APIs_T.release.xcconfig */ = {isa = PBXFileReference; includeInIndex = 1; lastKnownFileType = text.xcconfig; name = "Pods-45_Client_Server_APIs_T.release.xcconfig"; path = "Pods/Target Support Files/Pods-45_Client_Server_APIs_T/Pods-45_Client_Server_APIs_T.release.xcconfig"; sourceTree = "<group>"; };
/* End PBXFileReference section */

/* Begin PBXFrameworksBuildPhase section */
		5207AEFB1D04444A00255D16 /* Frameworks */ = {
			isa = PBXFrameworksBuildPhase;
			buildActionMask = 2147483647;
			files = (
				1ED9802FDD43681657377389 /* libPods-45_Client_Server_APIs_T.a in Frameworks */,
			);
			runOnlyForDeploymentPostprocessing = 0;
		};
		5207AF141D04444A00255D16 /* Frameworks */ = {
			isa = PBXFrameworksBuildPhase;
			buildActionMask = 2147483647;
			files = (
			);
			runOnlyForDeploymentPostprocessing = 0;
		};
		5207AF1F1D04444A00255D16 /* Frameworks */ = {
			isa = PBXFrameworksBuildPhase;
			buildActionMask = 2147483647;
			files = (
			);
			runOnlyForDeploymentPostprocessing = 0;
		};
/* End PBXFrameworksBuildPhase section */

/* Begin PBXGroup section */
		11037830CBA500221FA5C86B /* Pods */ = {
			isa = PBXGroup;
			children = (
				8113886C75423E283404DE2D /* Pods-45_Client_Server_APIs_T.debug.xcconfig */,
				F58FAC237A74BB068A63A576 /* Pods-45_Client_Server_APIs_T.release.xcconfig */,
			);
			name = Pods;
			sourceTree = "<group>";
		};
		5207AEF51D04444A00255D16 = {
			isa = PBXGroup;
			children = (
				5207AF001D04444A00255D16 /* 45_Client_Server_APIs_T */,
				5207AF1A1D04444A00255D16 /* 45_Client_Server_APIs_TTests */,
				5207AF251D04444A00255D16 /* 45_Client_Server_APIs_TUITests */,
				5207AEFF1D04444A00255D16 /* Products */,
				11037830CBA500221FA5C86B /* Pods */,
				A87A9BF4417BA960973E276D /* Frameworks */,
			);
			sourceTree = "<group>";
		};
		5207AEFF1D04444A00255D16 /* Products */ = {
			isa = PBXGroup;
			children = (
				5207AEFE1D04444A00255D16 /* 45_Client_Server_APIs_T.app */,
				5207AF171D04444A00255D16 /* 45_Client_Server_APIs_TTests.xctest */,
				5207AF221D04444A00255D16 /* 45_Client_Server_APIs_TUITests.xctest */,
			);
			name = Products;
			sourceTree = "<group>";
		};
		5207AF001D04444A00255D16 /* 45_Client_Server_APIs_T */ = {
			isa = PBXGroup;
			children = (
				5207AF041D04444A00255D16 /* AppDelegate.h */,
				5207AF051D04444A00255D16 /* AppDelegate.m */,
				5207AF071D04444A00255D16 /* ViewController.h */,
				5207AF081D04444A00255D16 /* ViewController.m */,
				5207AF0A1D04444A00255D16 /* Main.storyboard */,
				5207AF0D1D04444A00255D16 /* Assets.xcassets */,
				5207AF0F1D04444A00255D16 /* LaunchScreen.storyboard */,
				5207AF121D04444A00255D16 /* Info.plist */,
				5207AF011D04444A00255D16 /* Supporting Files */,
			);
			path = 45_Client_Server_APIs_T;
			sourceTree = "<group>";
		};
		5207AF011D04444A00255D16 /* Supporting Files */ = {
			isa = PBXGroup;
			children = (
				5207AF021D04444A00255D16 /* main.m */,
			);
			name = "Supporting Files";
			sourceTree = "<group>";
		};
		5207AF1A1D04444A00255D16 /* 45_Client_Server_APIs_TTests */ = {
			isa = PBXGroup;
			children = (
				5207AF1B1D04444A00255D16 /* _5_Client_Server_APIs_TTests.m */,
				5207AF1D1D04444A00255D16 /* Info.plist */,
			);
			path = 45_Client_Server_APIs_TTests;
			sourceTree = "<group>";
		};
		5207AF251D04444A00255D16 /* 45_Client_Server_APIs_TUITests */ = {
			isa = PBXGroup;
			children = (
				5207AF261D04444A00255D16 /* _5_Client_Server_APIs_TUITests.m */,
				5207AF281D04444A00255D16 /* Info.plist */,
			);
			path = 45_Client_Server_APIs_TUITests;
			sourceTree = "<group>";
		};
		A87A9BF4417BA960973E276D /* Frameworks */ = {
			isa = PBXGroup;
			children = (
				59E3253FD13C4EC1D615FCA3 /* libPods-45_Client_Server_APIs_T.a */,
			);
			name = Frameworks;
			sourceTree = "<group>";
		};
/* End PBXGroup section */

/* Begin PBXNativeTarget section */
		5207AEFD1D04444A00255D16 /* 45_Client_Server_APIs_T */ = {
			isa = PBXNativeTarget;
			buildConfigurationList = 5207AF2B1D04444A00255D16 /* Build configuration list for PBXNativeTarget "45_Client_Server_APIs_T" */;
			buildPhases = (
				3B19B74F82BDA0A670A13A05 /* [CP] Check Pods Manifest.lock */,
				5207AEFA1D04444A00255D16 /* Sources */,
				5207AEFB1D04444A00255D16 /* Frameworks */,
				5207AEFC1D04444A00255D16 /* Resources */,
				9D8456DAF700F11641B6A548 /* [CP] Embed Pods Frameworks */,
				6D1AB344327AFD48AA19089F /* [CP] Copy Pods Resources */,
			);
			buildRules = (
			);
			dependencies = (
			);
			name = 45_Client_Server_APIs_T;
			productName = 45_Client_Server_APIs_T;
			productReference = 5207AEFE1D04444A00255D16 /* 45_Client_Server_APIs_T.app */;
			productType = "com.apple.product-type.application";
		};
		5207AF161D04444A00255D16 /* 45_Client_Server_APIs_TTests */ = {
			isa = PBXNativeTarget;
			buildConfigurationList = 5207AF2E1D04444A00255D16 /* Build configuration list for PBXNativeTarget "45_Client_Server_APIs_TTests" */;
			buildPhases = (
				5207AF131D04444A00255D16 /* Sources */,
				5207AF141D04444A00255D16 /* Frameworks */,
				5207AF151D04444A00255D16 /* Resources */,
			);
			buildRules = (
			);
			dependencies = (
				5207AF191D04444A00255D16 /* PBXTargetDependency */,
			);
			name = 45_Client_Server_APIs_TTests;
			productName = 45_Client_Server_APIs_TTests;
			productReference = 5207AF171D04444A00255D16 /* 45_Client_Server_APIs_TTests.xctest */;
			productType = "com.apple.product-type.bundle.unit-test";
		};
		5207AF211D04444A00255D16 /* 45_Client_Server_APIs_TUITests */ = {
			isa = PBXNativeTarget;
			buildConfigurationList = 5207AF311D04444A00255D16 /* Build configuration list for PBXNativeTarget "45_Client_Server_APIs_TUITests" */;
			buildPhases = (
				5207AF1E1D04444A00255D16 /* Sources */,
				5207AF1F1D04444A00255D16 /* Frameworks */,
				5207AF201D04444A00255D16 /* Resources */,
			);
			buildRules = (
			);
			dependencies = (
				5207AF241D04444A00255D16 /* PBXTargetDependency */,
			);
			name = 45_Client_Server_APIs_TUITests;
			productName = 45_Client_Server_APIs_TUITests;
			productReference = 5207AF221D04444A00255D16 /* 45_Client_Server_APIs_TUITests.xctest */;
			productType = "com.apple.product-type.bundle.ui-testing";
		};
/* End PBXNativeTarget section */

/* Begin PBXProject section */
		5207AEF61D04444A00255D16 /* Project object */ = {
			isa = PBXProject;
			attributes = {
				CLASSPREFIX = SiS;
				LastUpgradeCheck = 0730;
				ORGANIZATIONNAME = "Stanly Shiyanovskiy";
				TargetAttributes = {
					5207AEFD1D04444A00255D16 = {
						CreatedOnToolsVersion = 7.3.1;
					};
					5207AF161D04444A00255D16 = {
						CreatedOnToolsVersion = 7.3.1;
						TestTargetID = 5207AEFD1D04444A00255D16;
					};
					5207AF211D04444A00255D16 = {
						CreatedOnToolsVersion = 7.3.1;
						TestTargetID = 5207AEFD1D04444A00255D16;
					};
				};
			};
			buildConfigurationList = 5207AEF91D04444A00255D16 /* Build configuration list for PBXProject "45_Client_Server_APIs_T" */;
			compatibilityVersion = "Xcode 3.2";
			developmentRegion = English;
			hasScannedForEncodings = 0;
			knownRegions = (
				en,
				Base,
			);
			mainGroup = 5207AEF51D04444A00255D16;
			productRefGroup = 5207AEFF1D04444A00255D16 /* Products */;
			projectDirPath = "";
			projectRoot = "";
			targets = (
				5207AEFD1D04444A00255D16 /* 45_Client_Server_APIs_T */,
				5207AF161D04444A00255D16 /* 45_Client_Server_APIs_TTests */,
				5207AF211D04444A00255D16 /* 45_Client_Server_APIs_TUITests */,
			);
		};
/* End PBXProject section */

/* Begin PBXResourcesBuildPhase section */
		5207AEFC1D04444A00255D16 /* Resources */ = {
			isa = PBXResourcesBuildPhase;
			buildActionMask = 2147483647;
			files = (
				5207AF111D04444A00255D16 /* LaunchScreen.storyboard in Resources */,
				5207AF0E1D04444A00255D16 /* Assets.xcassets in Resources */,
				5207AF0C1D04444A00255D16 /* Main.storyboard in Resources */,
			);
			runOnlyForDeploymentPostprocessing = 0;
		};
		5207AF151D04444A00255D16 /* Resources */ = {
			isa = PBXResourcesBuildPhase;
			buildActionMask = 2147483647;
			files = (
			);
			runOnlyForDeploymentPostprocessing = 0;
		};
		5207AF201D04444A00255D16 /* Resources */ = {
			isa = PBXResourcesBuildPhase;
			buildActionMask = 2147483647;
			files = (
			);
			runOnlyForDeploymentPostprocessing = 0;
		};
/* End PBXResourcesBuildPhase section */

/* Begin PBXShellScriptBuildPhase section */
		3B19B74F82BDA0A670A13A05 /* [CP] Check Pods Manifest.lock */ = {
			isa = PBXShellScriptBuildPhase;
			buildActionMask = 2147483647;
			files = (
			);
			inputPaths = (
			);
			name = "[CP] Check Pods Manifest.lock";
			outputPaths = (
			);
			runOnlyForDeploymentPostprocessing = 0;
			shellPath = /bin/sh;
			shellScript = "diff \"${PODS_ROOT}/../Podfile.lock\" \"${PODS_ROOT}/Manifest.lock\" > /dev/null\nif [[ $? != 0 ]] ; then\n    cat << EOM\nerror: The sandbox is not in sync with the Podfile.lock. Run 'pod install' or update your CocoaPods installation.\nEOM\n    exit 1\nfi\n";
			showEnvVarsInLog = 0;
		};
		6D1AB344327AFD48AA19089F /* [CP] Copy Pods Resources */ = {
			isa = PBXShellScriptBuildPhase;
			buildActionMask = 2147483647;
			files = (
			);
			inputPaths = (
			);
			name = "[CP] Copy Pods Resources";
			outputPaths = (
			);
			runOnlyForDeploymentPostprocessing = 0;
			shellPath = /bin/sh;
			shellScript = "\"${SRCROOT}/Pods/Target Support Files/Pods-45_Client_Server_APIs_T/Pods-45_Client_Server_APIs_T-resources.sh\"\n";
			showEnvVarsInLog = 0;
		};
		9D8456DAF700F11641B6A548 /* [CP] Embed Pods Frameworks */ = {
			isa = PBXShellScriptBuildPhase;
			buildActionMask = 2147483647;
			files = (
			);
			inputPaths = (
			);
			name = "[CP] Embed Pods Frameworks";
			outputPaths = (
			);
			runOnlyForDeploymentPostprocessing = 0;
			shellPath = /bin/sh;
			shellScript = "\"${SRCROOT}/Pods/Target Support Files/Pods-45_Client_Server_APIs_T/Pods-45_Client_Server_APIs_T-frameworks.sh\"\n";
			showEnvVarsInLog = 0;
		};
/* End PBXShellScriptBuildPhase section */

/* Begin PBXSourcesBuildPhase section */
		5207AEFA1D04444A00255D16 /* Sources */ = {
			isa = PBXSourcesBuildPhase;
			buildActionMask = 2147483647;
			files = (
				5207AF091D04444A00255D16 /* ViewController.m in Sources */,
				5207AF061D04444A00255D16 /* AppDelegate.m in Sources */,
				5207AF031D04444A00255D16 /* main.m in Sources */,
			);
			runOnlyForDeploymentPostprocessing = 0;
		};
		5207AF131D04444A00255D16 /* Sources */ = {
			isa = PBXSourcesBuildPhase;
			buildActionMask = 2147483647;
			files = (
				5207AF1C1D04444A00255D16 /* _5_Client_Server_APIs_TTests.m in Sources */,
			);
			runOnlyForDeploymentPostprocessing = 0;
		};
		5207AF1E1D04444A00255D16 /* Sources */ = {
			isa = PBXSourcesBuildPhase;
			buildActionMask = 2147483647;
			files = (
				5207AF271D04444A00255D16 /* _5_Client_Server_APIs_TUITests.m in Sources */,
			);
			runOnlyForDeploymentPostprocessing = 0;
		};
/* End PBXSourcesBuildPhase section */

/* Begin PBXTargetDependency section */
		5207AF191D04444A00255D16 /* PBXTargetDependency */ = {
			isa = PBXTargetDependency;
			target = 5207AEFD1D04444A00255D16 /* 45_Client_Server_APIs_T */;
			targetProxy = 5207AF181D04444A00255D16 /* PBXContainerItemProxy */;
		};
		5207AF241D04444A00255D16 /* PBXTargetDependency */ = {
			isa = PBXTargetDependency;
			target = 5207AEFD1D04444A00255D16 /* 45_Client_Server_APIs_T */;
			targetProxy = 5207AF231D04444A00255D16 /* PBXContainerItemProxy */;
		};
/* End PBXTargetDependency section */

/* Begin PBXVariantGroup section */
		5207AF0A1D04444A00255D16 /* Main.storyboard */ = {
			isa = PBXVariantGroup;
			children = (
				5207AF0B1D04444A00255D16 /* Base */,
			);
			name = Main.storyboard;
			sourceTree = "<group>";
		};
		5207AF0F1D04444A00255D16 /* LaunchScreen.storyboard */ = {
			isa = PBXVariantGroup;
			children = (
				5207AF101D04444A00255D16 /* Base */,
			);
			name = LaunchScreen.storyboard;
			sourceTree = "<group>";
		};
/* End PBXVariantGroup section */

/* Begin XCBuildConfiguration section */
		5207AF291D04444A00255D16 /* Debug */ = {
			isa = XCBuildConfiguration;
			buildSettings = {
				ALWAYS_SEARCH_USER_PATHS = NO;
				CLANG_ANALYZER_NONNULL = YES;
				CLANG_CXX_LANGUAGE_STANDARD = "gnu++0x";
				CLANG_CXX_LIBRARY = "libc++";
				CLANG_ENABLE_MODULES = YES;
				CLANG_ENABLE_OBJC_ARC = YES;
				CLANG_WARN_BOOL_CONVERSION = YES;
				CLANG_WARN_CONSTANT_CONVERSION = YES;
				CLANG_WARN_DIRECT_OBJC_ISA_USAGE = YES_ERROR;
				CLANG_WARN_EMPTY_BODY = YES;
				CLANG_WARN_ENUM_CONVERSION = YES;
				CLANG_WARN_INT_CONVERSION = YES;
				CLANG_WARN_OBJC_ROOT_CLASS = YES_ERROR;
				CLANG_WARN_UNREACHABLE_CODE = YES;
				CLANG_WARN__DUPLICATE_METHOD_MATCH = YES;
				"CODE_SIGN_IDENTITY[sdk=iphoneos*]" = "iPhone Developer";
				COPY_PHASE_STRIP = NO;
				DEBUG_INFORMATION_FORMAT = dwarf;
				ENABLE_STRICT_OBJC_MSGSEND = YES;
				ENABLE_TESTABILITY = YES;
				GCC_C_LANGUAGE_STANDARD = gnu99;
				GCC_DYNAMIC_NO_PIC = NO;
				GCC_NO_COMMON_BLOCKS = YES;
				GCC_OPTIMIZATION_LEVEL = 0;
				GCC_PREPROCESSOR_DEFINITIONS = (
					"DEBUG=1",
					"$(inherited)",
				);
				GCC_WARN_64_TO_32_BIT_CONVERSION = YES;
				GCC_WARN_ABOUT_RETURN_TYPE = YES_ERROR;
				GCC_WARN_UNDECLARED_SELECTOR = YES;
				GCC_WARN_UNINITIALIZED_AUTOS = YES_AGGRESSIVE;
				GCC_WARN_UNUSED_FUNCTION = YES;
				GCC_WARN_UNUSED_VARIABLE = YES;
				IPHONEOS_DEPLOYMENT_TARGET = 9.3;
				MTL_ENABLE_DEBUG_INFO = YES;
				ONLY_ACTIVE_ARCH = YES;
				SDKROOT = iphoneos;
				TARGETED_DEVICE_FAMILY = "1,2";
			};
			name = Debug;
		};
		5207AF2A1D04444A00255D16 /* Release */ = {
			isa = XCBuildConfiguration;
			buildSettings = {
				ALWAYS_SEARCH_USER_PATHS = NO;
				CLANG_ANALYZER_NONNULL = YES;
				CLANG_CXX_LANGUAGE_STANDARD = "gnu++0x";
				CLANG_CXX_LIBRARY = "libc++";
				CLANG_ENABLE_MODULES = YES;
				CLANG_ENABLE_OBJC_ARC = YES;
				CLANG_WARN_BOOL_CONVERSION = YES;
				CLANG_WARN_CONSTANT_CONVERSION = YES;
				CLANG_WARN_DIRECT_OBJC_ISA_USAGE = YES_ERROR;
				CLANG_WARN_EMPTY_BODY = YES;
				CLANG_WARN_ENUM_CONVERSION = YES;
				CLANG_WARN_INT_CONVERSION = YES;
				CLANG_WARN_OBJC_ROOT_CLASS = YES_ERROR;
				CLANG_WARN_UNREACHABLE_CODE = YES;
				CLANG_WARN__DUPLICATE_METHOD_MATCH = YES;
				"CODE_SIGN_IDENTITY[sdk=iphoneos*]" = "iPhone Developer";
				COPY_PHASE_STRIP = NO;
				DEBUG_INFORMATION_FORMAT = "dwarf-with-dsym";
				ENABLE_NS_ASSERTIONS = NO;
				ENABLE_STRICT_OBJC_MSGSEND = YES;
				GCC_C_LANGUAGE_STANDARD = gnu99;
				GCC_NO_COMMON_BLOCKS = YES;
				GCC_WARN_64_TO_32_BIT_CONVERSION = YES;
				GCC_WARN_ABOUT_RETURN_TYPE = YES_ERROR;
				GCC_WARN_UNDECLARED_SELECTOR = YES;
				GCC_WARN_UNINITIALIZED_AUTOS = YES_AGGRESSIVE;
				GCC_WARN_UNUSED_FUNCTION = YES;
				GCC_WARN_UNUSED_VARIABLE = YES;
				IPHONEOS_DEPLOYMENT_TARGET = 9.3;
				MTL_ENABLE_DEBUG_INFO = NO;
				SDKROOT = iphoneos;
				TARGETED_DEVICE_FAMILY = "1,2";
				VALIDATE_PRODUCT = YES;
			};
			name = Release;
		};
		5207AF2C1D04444A00255D16 /* Debug */ = {
			isa = XCBuildConfiguration;
			baseConfigurationReference = 8113886C75423E283404DE2D /* Pods-45_Client_Server_APIs_T.debug.xcconfig */;
			buildSettings = {
				ASSETCATALOG_COMPILER_APPICON_NAME = AppIcon;
				INFOPLIST_FILE = 45_Client_Server_APIs_T/Info.plist;
				LD_RUNPATH_SEARCH_PATHS = "$(inherited) @executable_path/Frameworks";
				PRODUCT_BUNDLE_IDENTIFIER = "SiS.-5-Client-Server-APIs-T";
				PRODUCT_NAME = "$(TARGET_NAME)";
			};
			name = Debug;
		};
		5207AF2D1D04444A00255D16 /* Release */ = {
			isa = XCBuildConfiguration;
			baseConfigurationReference = F58FAC237A74BB068A63A576 /* Pods-45_Client_Server_APIs_T.release.xcconfig */;
			buildSettings = {
				ASSETCATALOG_COMPILER_APPICON_NAME = AppIcon;
				INFOPLIST_FILE = 45_Client_Server_APIs_T/Info.plist;
				LD_RUNPATH_SEARCH_PATHS = "$(inherited) @executable_path/Frameworks";
				PRODUCT_BUNDLE_IDENTIFIER = "SiS.-5-Client-Server-APIs-T";
				PRODUCT_NAME = "$(TARGET_NAME)";
			};
			name = Release;
		};
		5207AF2F1D04444A00255D16 /* Debug */ = {
			isa = XCBuildConfiguration;
			buildSettings = {
				BUNDLE_LOADER = "$(TEST_HOST)";
				INFOPLIST_FILE = 45_Client_Server_APIs_TTests/Info.plist;
				LD_RUNPATH_SEARCH_PATHS = "$(inherited) @executable_path/Frameworks @loader_path/Frameworks";
				PRODUCT_BUNDLE_IDENTIFIER = "SiS.-5-Client-Server-APIs-TTests";
				PRODUCT_NAME = "$(TARGET_NAME)";
				TEST_HOST = "$(BUILT_PRODUCTS_DIR)/45_Client_Server_APIs_T.app/45_Client_Server_APIs_T";
			};
			name = Debug;
		};
		5207AF301D04444A00255D16 /* Release */ = {
			isa = XCBuildConfiguration;
			buildSettings = {
				BUNDLE_LOADER = "$(TEST_HOST)";
				INFOPLIST_FILE = 45_Client_Server_APIs_TTests/Info.plist;
				LD_RUNPATH_SEARCH_PATHS = "$(inherited) @executable_path/Frameworks @loader_path/Frameworks";
				PRODUCT_BUNDLE_IDENTIFIER = "SiS.-5-Client-Server-APIs-TTests";
				PRODUCT_NAME = "$(TARGET_NAME)";
				TEST_HOST = "$(BUILT_PRODUCTS_DIR)/45_Client_Server_APIs_T.app/45_Client_Server_APIs_T";
			};
			name = Release;
		};
		5207AF321D04444A00255D16 /* Debug */ = {
			isa = XCBuildConfiguration;
			buildSettings = {
				INFOPLIST_FILE = 45_Client_Server_APIs_TUITests/Info.plist;
				LD_RUNPATH_SEARCH_PATHS = "$(inherited) @executable_path/Frameworks @loader_path/Frameworks";
				PRODUCT_BUNDLE_IDENTIFIER = "SiS.-5-Client-Server-APIs-TUITests";
				PRODUCT_NAME = "$(TARGET_NAME)";
				TEST_TARGET_NAME = 45_Client_Server_APIs_T;
			};
			name = Debug;
		};
		5207AF331D04444A00255D16 /* Release */ = {
			isa = XCBuildConfiguration;
			buildSettings = {
				INFOPLIST_FILE = 45_Client_Server_APIs_TUITests/Info.plist;
				LD_RUNPATH_SEARCH_PATHS = "$(inherited) @executable_path/Frameworks @loader_path/Frameworks";
				PRODUCT_BUNDLE_IDENTIFIER = "SiS.-5-Client-Server-APIs-TUITests";
				PRODUCT_NAME = "$(TARGET_NAME)";
				TEST_TARGET_NAME = 45_Client_Server_APIs_T;
			};
			name = Release;
		};
/* End XCBuildConfiguration section */

/* Begin XCConfigurationList section */
		5207AEF91D04444A00255D16 /* Build configuration list for PBXProject "45_Client_Server_APIs_T" */ = {
			isa = XCConfigurationList;
			buildConfigurations = (
				5207AF291D04444A00255D16 /* Debug */,
				5207AF2A1D04444A00255D16 /* Release */,
			);
			defaultConfigurationIsVisible = 0;
			defaultConfigurationName = Release;
		};
		5207AF2B1D04444A00255D16 /* Build configuration list for PBXNativeTarget "45_Client_Server_APIs_T" */ = {
			isa = XCConfigurationList;
			buildConfigurations = (
				5207AF2C1D04444A00255D16 /* Debug */,
				5207AF2D1D04444A00255D16 /* Release */,
			);
			defaultConfigurationIsVisible = 0;
			defaultConfigurationName = Release;
		};
		5207AF2E1D04444A00255D16 /* Build configuration list for PBXNativeTarget "45_Client_Server_APIs_TTests" */ = {
			isa = XCConfigurationList;
			buildConfigurations = (
				5207AF2F1D04444A00255D16 /* Debug */,
				5207AF301D04444A00255D16 /* Release */,
			);
			defaultConfigurationIsVisible = 0;
			defaultConfigurationName = Release;
		};
		5207AF311D04444A00255D16 /* Build configuration list for PBXNativeTarget "45_Client_Server_APIs_TUITests" */ = {
			isa = XCConfigurationList;
			buildConfigurations = (
				5207AF321D04444A00255D16 /* Debug */,
				5207AF331D04444A00255D16 /* Release */,
			);
			defaultConfigurationIsVisible = 0;
			defaultConfigurationName = Release;
		};
/* End XCConfigurationList section */
	};
	rootObject = 5207AEF61D04444A00255D16 /* Project object */;
}
